
Microsoft Visual Studio Solution File, Format Version 12.00
# Visual Studio Version 16
VisualStudioVersion = 16.0.29709.97
MinimumVisualStudioVersion = 10.0.40219.1
Project("{FAE04EC0-301F-11D3-BF4B-00C04F79EFBC}") = "pract3", "pract3.csproj", "{FCE878B6-1B2B-4D98-95B5-6251D0B0C231}"
EndProject
Global
	GlobalSection(SolutionConfigurationPlatforms) = preSolution
		Debug|Any CPU = Debug|Any CPU
		Release|Any CPU = Release|Any CPU
	EndGlobalSection
	GlobalSection(ProjectConfigurationPlatforms) = postSolution
		{FCE878B6-1B2B-4D98-95B5-6251D0B0C231}.Debug|Any CPU.ActiveCfg = Debug|Any CPU
		{FCE878B6-1B2B-4D98-95B5-6251D0B0C231}.Debug|Any CPU.Build.0 = Debug|Any CPU
		{FCE878B6-1B2B-4D98-95B5-6251D0B0C231}.Release|Any CPU.ActiveCfg = Release|Any CPU
		{FCE878B6-1B2B-4D98-95B5-6251D0B0C231}.Release|Any CPU.Build.0 = Release|Any CPU
	EndGlobalSection
	GlobalSection(SolutionProperties) = preSolution
		HideSolutionNode = FALSE
	EndGlobalSection
	GlobalSection(ExtensibilityGlobals) = postSolution
		SolutionGuid = {349B8378-03EE-448E-B8FB-D4FF59C4DAAF}
	EndGlobalSection
EndGlobal
