
Microsoft Visual Studio Solution File, Format Version 12.00
# Visual Studio Version 16
VisualStudioVersion = 16.0.29709.97
MinimumVisualStudioVersion = 10.0.40219.1
Project("{FAE04EC0-301F-11D3-BF4B-00C04F79EFBC}") = "image", "image.csproj", "{3A0CB084-6B56-46B5-AC95-EAB8F6ABE86F}"
EndProject
Global
	GlobalSection(SolutionConfigurationPlatforms) = preSolution
		Debug|Any CPU = Debug|Any CPU
		Release|Any CPU = Release|Any CPU
	EndGlobalSection
	GlobalSection(ProjectConfigurationPlatforms) = postSolution
		{3A0CB084-6B56-46B5-AC95-EAB8F6ABE86F}.Debug|Any CPU.ActiveCfg = Debug|Any CPU
		{3A0CB084-6B56-46B5-AC95-EAB8F6ABE86F}.Debug|Any CPU.Build.0 = Debug|Any CPU
		{3A0CB084-6B56-46B5-AC95-EAB8F6ABE86F}.Release|Any CPU.ActiveCfg = Release|Any CPU
		{3A0CB084-6B56-46B5-AC95-EAB8F6ABE86F}.Release|Any CPU.Build.0 = Release|Any CPU
	EndGlobalSection
	GlobalSection(SolutionProperties) = preSolution
		HideSolutionNode = FALSE
	EndGlobalSection
	GlobalSection(ExtensibilityGlobals) = postSolution
		SolutionGuid = {279674AB-7EE5-4C75-ADE0-7EE50FDA7B5B}
	EndGlobalSection
EndGlobal
